
Microsoft Visual Studio Solution File, Format Version 12.00
# Visual Studio 15
VisualStudioVersion = 15.0.25807.0
MinimumVisualStudioVersion = 10.0.40219.1
Project("{2150E333-8FDC-42A3-9474-1A3956D46DE8}") = "Engine", "Engine", "{93B7CBA6-EDCC-435C-B28B-0BE0EDF024D3}"
EndProject
Project("{2150E333-8FDC-42A3-9474-1A3956D46DE8}") = "Games", "Games", "{CE61E76E-7D19-460C-A516-328957358907}"
EndProject
Project("{8BC9CEB8-8B4A-11D0-8D11-00A0C91BC942}") = "UE4", "Intermediate\ProjectFiles\UE4.vcxproj", "{3E13A3E1-97DA-4EF2-A34D-3D19446A696C}"
EndProject
Project("{8BC9CEB8-8B4A-11D0-8D11-00A0C91BC942}") = "PersonalSpaceInvader", "Intermediate\ProjectFiles\PersonalSpaceInvader.vcxproj", "{1C075909-36FF-4438-A982-0EBDA8E46ECA}"
EndProject
Project("{2150E333-8FDC-42A3-9474-1A3956D46DE8}") = "Visualizers", "Visualizers", "{D2C98740-6A61-4F31-9C6F-58504204537F}"
	ProjectSection(SolutionItems) = preProject
		..\..\..\..\..\Program Files\UE_4.21\Engine\Extras\VisualStudioDebugging\UE4.natvis = ..\..\..\..\..\Program Files\UE_4.21\Engine\Extras\VisualStudioDebugging\UE4.natvis
	EndProjectSection
EndProject
Global
	GlobalSection(SolutionConfigurationPlatforms) = preSolution
		DebugGame Editor|HTML5 = DebugGame Editor|HTML5
		DebugGame Editor|Win32 = DebugGame Editor|Win32
		DebugGame Editor|Win64 = DebugGame Editor|Win64
		DebugGame|HTML5 = DebugGame|HTML5
		DebugGame|Win32 = DebugGame|Win32
		DebugGame|Win64 = DebugGame|Win64
		Development Editor|HTML5 = Development Editor|HTML5
		Development Editor|Win32 = Development Editor|Win32
		Development Editor|Win64 = Development Editor|Win64
		Development|HTML5 = Development|HTML5
		Development|Win32 = Development|Win32
		Development|Win64 = Development|Win64
		Shipping|HTML5 = Shipping|HTML5
		Shipping|Win32 = Shipping|Win32
		Shipping|Win64 = Shipping|Win64
	EndGlobalSection
	GlobalSection(ProjectConfigurationPlatforms) = postSolution
		{3E13A3E1-97DA-4EF2-A34D-3D19446A696C}.DebugGame Editor|HTML5.ActiveCfg = BuiltWithUnrealBuildTool|Win32
		{3E13A3E1-97DA-4EF2-A34D-3D19446A696C}.DebugGame Editor|Win32.ActiveCfg = BuiltWithUnrealBuildTool|Win32
		{3E13A3E1-97DA-4EF2-A34D-3D19446A696C}.DebugGame Editor|Win64.ActiveCfg = BuiltWithUnrealBuildTool|Win32
		{3E13A3E1-97DA-4EF2-A34D-3D19446A696C}.DebugGame|HTML5.ActiveCfg = BuiltWithUnrealBuildTool|Win32
		{3E13A3E1-97DA-4EF2-A34D-3D19446A696C}.DebugGame|Win32.ActiveCfg = BuiltWithUnrealBuildTool|Win32
		{3E13A3E1-97DA-4EF2-A34D-3D19446A696C}.DebugGame|Win64.ActiveCfg = BuiltWithUnrealBuildTool|Win32
		{3E13A3E1-97DA-4EF2-A34D-3D19446A696C}.Development Editor|HTML5.ActiveCfg = BuiltWithUnrealBuildTool|Win32
		{3E13A3E1-97DA-4EF2-A34D-3D19446A696C}.Development Editor|Win32.ActiveCfg = BuiltWithUnrealBuildTool|Win32
		{3E13A3E1-97DA-4EF2-A34D-3D19446A696C}.Development Editor|Win64.ActiveCfg = BuiltWithUnrealBuildTool|Win32
		{3E13A3E1-97DA-4EF2-A34D-3D19446A696C}.Development|HTML5.ActiveCfg = BuiltWithUnrealBuildTool|Win32
		{3E13A3E1-97DA-4EF2-A34D-3D19446A696C}.Development|Win32.ActiveCfg = BuiltWithUnrealBuildTool|Win32
		{3E13A3E1-97DA-4EF2-A34D-3D19446A696C}.Development|Win64.ActiveCfg = BuiltWithUnrealBuildTool|Win32
		{3E13A3E1-97DA-4EF2-A34D-3D19446A696C}.Shipping|HTML5.ActiveCfg = BuiltWithUnrealBuildTool|Win32
		{3E13A3E1-97DA-4EF2-A34D-3D19446A696C}.Shipping|Win32.ActiveCfg = BuiltWithUnrealBuildTool|Win32
		{3E13A3E1-97DA-4EF2-A34D-3D19446A696C}.Shipping|Win64.ActiveCfg = BuiltWithUnrealBuildTool|Win32
		{1C075909-36FF-4438-A982-0EBDA8E46ECA}.DebugGame Editor|HTML5.ActiveCfg = Invalid|Win32
		{1C075909-36FF-4438-A982-0EBDA8E46ECA}.DebugGame Editor|Win32.ActiveCfg = Invalid|Win32
		{1C075909-36FF-4438-A982-0EBDA8E46ECA}.DebugGame Editor|Win64.ActiveCfg = DebugGame_Editor|x64
		{1C075909-36FF-4438-A982-0EBDA8E46ECA}.DebugGame Editor|Win64.Build.0 = DebugGame_Editor|x64
		{1C075909-36FF-4438-A982-0EBDA8E46ECA}.DebugGame|HTML5.ActiveCfg = HTML5_DebugGame|Win32
		{1C075909-36FF-4438-A982-0EBDA8E46ECA}.DebugGame|HTML5.Build.0 = HTML5_DebugGame|Win32
		{1C075909-36FF-4438-A982-0EBDA8E46ECA}.DebugGame|Win32.ActiveCfg = DebugGame|Win32
		{1C075909-36FF-4438-A982-0EBDA8E46ECA}.DebugGame|Win32.Build.0 = DebugGame|Win32
		{1C075909-36FF-4438-A982-0EBDA8E46ECA}.DebugGame|Win64.ActiveCfg = DebugGame|x64
		{1C075909-36FF-4438-A982-0EBDA8E46ECA}.DebugGame|Win64.Build.0 = DebugGame|x64
		{1C075909-36FF-4438-A982-0EBDA8E46ECA}.Development Editor|HTML5.ActiveCfg = Invalid|Win32
		{1C075909-36FF-4438-A982-0EBDA8E46ECA}.Development Editor|Win32.ActiveCfg = Invalid|Win32
		{1C075909-36FF-4438-A982-0EBDA8E46ECA}.Development Editor|Win64.ActiveCfg = Development_Editor|x64
		{1C075909-36FF-4438-A982-0EBDA8E46ECA}.Development Editor|Win64.Build.0 = Development_Editor|x64
		{1C075909-36FF-4438-A982-0EBDA8E46ECA}.Development|HTML5.ActiveCfg = HTML5_Development|Win32
		{1C075909-36FF-4438-A982-0EBDA8E46ECA}.Development|HTML5.Build.0 = HTML5_Development|Win32
		{1C075909-36FF-4438-A982-0EBDA8E46ECA}.Development|Win32.ActiveCfg = Development|Win32
		{1C075909-36FF-4438-A982-0EBDA8E46ECA}.Development|Win32.Build.0 = Development|Win32
		{1C075909-36FF-4438-A982-0EBDA8E46ECA}.Development|Win64.ActiveCfg = Development|x64
		{1C075909-36FF-4438-A982-0EBDA8E46ECA}.Development|Win64.Build.0 = Development|x64
		{1C075909-36FF-4438-A982-0EBDA8E46ECA}.Shipping|HTML5.ActiveCfg = HTML5_Shipping|Win32
		{1C075909-36FF-4438-A982-0EBDA8E46ECA}.Shipping|HTML5.Build.0 = HTML5_Shipping|Win32
		{1C075909-36FF-4438-A982-0EBDA8E46ECA}.Shipping|Win32.ActiveCfg = Shipping|Win32
		{1C075909-36FF-4438-A982-0EBDA8E46ECA}.Shipping|Win32.Build.0 = Shipping|Win32
		{1C075909-36FF-4438-A982-0EBDA8E46ECA}.Shipping|Win64.ActiveCfg = Shipping|x64
		{1C075909-36FF-4438-A982-0EBDA8E46ECA}.Shipping|Win64.Build.0 = Shipping|x64
	EndGlobalSection
	GlobalSection(SolutionProperties) = preSolution
		HideSolutionNode = FALSE
	EndGlobalSection
	GlobalSection(NestedProjects) = preSolution
		{3E13A3E1-97DA-4EF2-A34D-3D19446A696C} = {93B7CBA6-EDCC-435C-B28B-0BE0EDF024D3}
		{1C075909-36FF-4438-A982-0EBDA8E46ECA} = {CE61E76E-7D19-460C-A516-328957358907}
	EndGlobalSection
EndGlobal
